
Microsoft Visual Studio Solution File, Format Version 12.00
# Visual Studio Version 17
VisualStudioVersion = 17.3.32929.385
MinimumVisualStudioVersion = 10.0.40219.1
Project("{9A19103F-16F7-4668-BE54-9A1E7A4F7556}") = "01_Console", "01_Console.csproj", "{04EDD6D9-E2A3-4D3B-84BA-6006BDA5E475}"
EndProject
Project("{FAE04EC0-301F-11D3-BF4B-00C04F79EFBC}") = "WinForms1", "..\WinForms1\WinForms1.csproj", "{28C2255C-1F8B-4965-A681-ED4ED7F55CB0}"
EndProject
Global
	GlobalSection(SolutionConfigurationPlatforms) = preSolution
		Debug|Any CPU = Debug|Any CPU
		Release|Any CPU = Release|Any CPU
	EndGlobalSection
	GlobalSection(ProjectConfigurationPlatforms) = postSolution
		{04EDD6D9-E2A3-4D3B-84BA-6006BDA5E475}.Debug|Any CPU.ActiveCfg = Debug|Any CPU
		{04EDD6D9-E2A3-4D3B-84BA-6006BDA5E475}.Debug|Any CPU.Build.0 = Debug|Any CPU
		{04EDD6D9-E2A3-4D3B-84BA-6006BDA5E475}.Release|Any CPU.ActiveCfg = Release|Any CPU
		{04EDD6D9-E2A3-4D3B-84BA-6006BDA5E475}.Release|Any CPU.Build.0 = Release|Any CPU
		{28C2255C-1F8B-4965-A681-ED4ED7F55CB0}.Debug|Any CPU.ActiveCfg = Debug|Any CPU
		{28C2255C-1F8B-4965-A681-ED4ED7F55CB0}.Debug|Any CPU.Build.0 = Debug|Any CPU
		{28C2255C-1F8B-4965-A681-ED4ED7F55CB0}.Release|Any CPU.ActiveCfg = Release|Any CPU
		{28C2255C-1F8B-4965-A681-ED4ED7F55CB0}.Release|Any CPU.Build.0 = Release|Any CPU
	EndGlobalSection
	GlobalSection(SolutionProperties) = preSolution
		HideSolutionNode = FALSE
	EndGlobalSection
	GlobalSection(ExtensibilityGlobals) = postSolution
		SolutionGuid = {66187A4C-0836-492E-B670-308823BD3C67}
	EndGlobalSection
EndGlobal
