
Microsoft Visual Studio Solution File, Format Version 12.00
# Visual Studio Version 17
VisualStudioVersion = 17.3.32929.385
MinimumVisualStudioVersion = 10.0.40219.1
Project("{FAE04EC0-301F-11D3-BF4B-00C04F79EFBC}") = "_LocalizarTexto", "_LocalizarTexto.csproj", "{09E35513-3247-474D-897D-7D9D9091F680}"
EndProject
Project("{FAE04EC0-301F-11D3-BF4B-00C04F79EFBC}") = "_Substituir", "..\_Substituir\_Substituir.csproj", "{5555FE05-5FB5-482B-A385-3EEE4A5FCFE8}"
EndProject
Global
	GlobalSection(SolutionConfigurationPlatforms) = preSolution
		Debug|Any CPU = Debug|Any CPU
		Release|Any CPU = Release|Any CPU
	EndGlobalSection
	GlobalSection(ProjectConfigurationPlatforms) = postSolution
		{09E35513-3247-474D-897D-7D9D9091F680}.Debug|Any CPU.ActiveCfg = Debug|Any CPU
		{09E35513-3247-474D-897D-7D9D9091F680}.Debug|Any CPU.Build.0 = Debug|Any CPU
		{09E35513-3247-474D-897D-7D9D9091F680}.Release|Any CPU.ActiveCfg = Release|Any CPU
		{09E35513-3247-474D-897D-7D9D9091F680}.Release|Any CPU.Build.0 = Release|Any CPU
		{5555FE05-5FB5-482B-A385-3EEE4A5FCFE8}.Debug|Any CPU.ActiveCfg = Debug|Any CPU
		{5555FE05-5FB5-482B-A385-3EEE4A5FCFE8}.Debug|Any CPU.Build.0 = Debug|Any CPU
		{5555FE05-5FB5-482B-A385-3EEE4A5FCFE8}.Release|Any CPU.ActiveCfg = Release|Any CPU
		{5555FE05-5FB5-482B-A385-3EEE4A5FCFE8}.Release|Any CPU.Build.0 = Release|Any CPU
	EndGlobalSection
	GlobalSection(SolutionProperties) = preSolution
		HideSolutionNode = FALSE
	EndGlobalSection
	GlobalSection(ExtensibilityGlobals) = postSolution
		SolutionGuid = {CCEF9B3F-DD8A-4826-A34A-F36092DA8B21}
	EndGlobalSection
EndGlobal
