
Microsoft Visual Studio Solution File, Format Version 12.00
# Visual Studio Version 17
VisualStudioVersion = 17.3.32929.385
MinimumVisualStudioVersion = 10.0.40219.1
Project("{FAE04EC0-301F-11D3-BF4B-00C04F79EFBC}") = "_Construtor", "_Construtor.csproj", "{CF53F71E-1494-4067-B631-7F0BDD6D5F9D}"
EndProject
Global
	GlobalSection(SolutionConfigurationPlatforms) = preSolution
		Debug|Any CPU = Debug|Any CPU
		Release|Any CPU = Release|Any CPU
	EndGlobalSection
	GlobalSection(ProjectConfigurationPlatforms) = postSolution
		{CF53F71E-1494-4067-B631-7F0BDD6D5F9D}.Debug|Any CPU.ActiveCfg = Debug|Any CPU
		{CF53F71E-1494-4067-B631-7F0BDD6D5F9D}.Debug|Any CPU.Build.0 = Debug|Any CPU
		{CF53F71E-1494-4067-B631-7F0BDD6D5F9D}.Release|Any CPU.ActiveCfg = Release|Any CPU
		{CF53F71E-1494-4067-B631-7F0BDD6D5F9D}.Release|Any CPU.Build.0 = Release|Any CPU
	EndGlobalSection
	GlobalSection(SolutionProperties) = preSolution
		HideSolutionNode = FALSE
	EndGlobalSection
	GlobalSection(ExtensibilityGlobals) = postSolution
		SolutionGuid = {71563F5D-5B6A-4B91-A964-A02B8929AAE4}
	EndGlobalSection
EndGlobal
