
Microsoft Visual Studio Solution File, Format Version 12.00
# Visual Studio Version 17
VisualStudioVersion = 17.3.32929.385
MinimumVisualStudioVersion = 10.0.40219.1
Project("{FAE04EC0-301F-11D3-BF4B-00C04F79EFBC}") = "_ErroThrows", "_ErroThrows\_ErroThrows.csproj", "{D6515DF1-4289-4F01-B0B4-00A3352A4D14}"
EndProject
Global
	GlobalSection(SolutionConfigurationPlatforms) = preSolution
		Debug|Any CPU = Debug|Any CPU
		Release|Any CPU = Release|Any CPU
	EndGlobalSection
	GlobalSection(ProjectConfigurationPlatforms) = postSolution
		{D6515DF1-4289-4F01-B0B4-00A3352A4D14}.Debug|Any CPU.ActiveCfg = Debug|Any CPU
		{D6515DF1-4289-4F01-B0B4-00A3352A4D14}.Debug|Any CPU.Build.0 = Debug|Any CPU
		{D6515DF1-4289-4F01-B0B4-00A3352A4D14}.Release|Any CPU.ActiveCfg = Release|Any CPU
		{D6515DF1-4289-4F01-B0B4-00A3352A4D14}.Release|Any CPU.Build.0 = Release|Any CPU
	EndGlobalSection
	GlobalSection(SolutionProperties) = preSolution
		HideSolutionNode = FALSE
	EndGlobalSection
	GlobalSection(ExtensibilityGlobals) = postSolution
		SolutionGuid = {A9255872-DB0A-47B4-86EE-0389F7B6333D}
	EndGlobalSection
EndGlobal
