
Microsoft Visual Studio Solution File, Format Version 12.00
# Visual Studio Version 17
VisualStudioVersion = 17.3.32929.385
MinimumVisualStudioVersion = 10.0.40219.1
Project("{FAE04EC0-301F-11D3-BF4B-00C04F79EFBC}") = "_Biblioteca", "_Biblioteca\_Biblioteca.csproj", "{D060A464-1D31-4E1E-A772-B8F01FEEA84D}"
EndProject
Project("{FAE04EC0-301F-11D3-BF4B-00C04F79EFBC}") = "_ReferenciaPrograma", "_ReferenciaPrograma\_ReferenciaPrograma.csproj", "{1AA50279-00C3-4FBD-8592-FE186CA9DC66}"
EndProject
Global
	GlobalSection(SolutionConfigurationPlatforms) = preSolution
		Debug|Any CPU = Debug|Any CPU
		Release|Any CPU = Release|Any CPU
	EndGlobalSection
	GlobalSection(ProjectConfigurationPlatforms) = postSolution
		{D060A464-1D31-4E1E-A772-B8F01FEEA84D}.Debug|Any CPU.ActiveCfg = Debug|Any CPU
		{D060A464-1D31-4E1E-A772-B8F01FEEA84D}.Debug|Any CPU.Build.0 = Debug|Any CPU
		{D060A464-1D31-4E1E-A772-B8F01FEEA84D}.Release|Any CPU.ActiveCfg = Release|Any CPU
		{D060A464-1D31-4E1E-A772-B8F01FEEA84D}.Release|Any CPU.Build.0 = Release|Any CPU
		{1AA50279-00C3-4FBD-8592-FE186CA9DC66}.Debug|Any CPU.ActiveCfg = Debug|Any CPU
		{1AA50279-00C3-4FBD-8592-FE186CA9DC66}.Debug|Any CPU.Build.0 = Debug|Any CPU
		{1AA50279-00C3-4FBD-8592-FE186CA9DC66}.Release|Any CPU.ActiveCfg = Release|Any CPU
		{1AA50279-00C3-4FBD-8592-FE186CA9DC66}.Release|Any CPU.Build.0 = Release|Any CPU
	EndGlobalSection
	GlobalSection(SolutionProperties) = preSolution
		HideSolutionNode = FALSE
	EndGlobalSection
	GlobalSection(ExtensibilityGlobals) = postSolution
		SolutionGuid = {96D6775A-0598-471E-A947-C983D4E59501}
	EndGlobalSection
EndGlobal
