
Microsoft Visual Studio Solution File, Format Version 12.00
# Visual Studio Version 17
VisualStudioVersion = 17.3.32929.385
MinimumVisualStudioVersion = 10.0.40219.1
Project("{FAE04EC0-301F-11D3-BF4B-00C04F79EFBC}") = "WinForms2", "WinForms2.csproj", "{55195370-AA3A-44A3-9D4C-C745CC326FF3}"
EndProject
Project("{FAE04EC0-301F-11D3-BF4B-00C04F79EFBC}") = "03_web_forms1", "..\03_web_forms1\03_web_forms1.csproj", "{1EAFBE57-5A86-4405-9941-C0404317B245}"
EndProject
Global
	GlobalSection(SolutionConfigurationPlatforms) = preSolution
		Debug|Any CPU = Debug|Any CPU
		Release|Any CPU = Release|Any CPU
	EndGlobalSection
	GlobalSection(ProjectConfigurationPlatforms) = postSolution
		{55195370-AA3A-44A3-9D4C-C745CC326FF3}.Debug|Any CPU.ActiveCfg = Debug|Any CPU
		{55195370-AA3A-44A3-9D4C-C745CC326FF3}.Debug|Any CPU.Build.0 = Debug|Any CPU
		{55195370-AA3A-44A3-9D4C-C745CC326FF3}.Release|Any CPU.ActiveCfg = Release|Any CPU
		{55195370-AA3A-44A3-9D4C-C745CC326FF3}.Release|Any CPU.Build.0 = Release|Any CPU
		{1EAFBE57-5A86-4405-9941-C0404317B245}.Debug|Any CPU.ActiveCfg = Debug|Any CPU
		{1EAFBE57-5A86-4405-9941-C0404317B245}.Debug|Any CPU.Build.0 = Debug|Any CPU
		{1EAFBE57-5A86-4405-9941-C0404317B245}.Release|Any CPU.ActiveCfg = Release|Any CPU
		{1EAFBE57-5A86-4405-9941-C0404317B245}.Release|Any CPU.Build.0 = Release|Any CPU
	EndGlobalSection
	GlobalSection(SolutionProperties) = preSolution
		HideSolutionNode = FALSE
	EndGlobalSection
	GlobalSection(ExtensibilityGlobals) = postSolution
		SolutionGuid = {3B256882-8940-46AD-B19B-86A61FD3EA10}
	EndGlobalSection
EndGlobal
