
Microsoft Visual Studio Solution File, Format Version 12.00
# Visual Studio Version 17
VisualStudioVersion = 17.3.32929.385
MinimumVisualStudioVersion = 10.0.40219.1
Project("{FAE04EC0-301F-11D3-BF4B-00C04F79EFBC}") = "Exception", "Exception.csproj", "{E7018E24-AD3A-4A0A-867C-6CA8C10EEA79}"
EndProject
Global
	GlobalSection(SolutionConfigurationPlatforms) = preSolution
		Debug|Any CPU = Debug|Any CPU
		Release|Any CPU = Release|Any CPU
	EndGlobalSection
	GlobalSection(ProjectConfigurationPlatforms) = postSolution
		{E7018E24-AD3A-4A0A-867C-6CA8C10EEA79}.Debug|Any CPU.ActiveCfg = Debug|Any CPU
		{E7018E24-AD3A-4A0A-867C-6CA8C10EEA79}.Debug|Any CPU.Build.0 = Debug|Any CPU
		{E7018E24-AD3A-4A0A-867C-6CA8C10EEA79}.Release|Any CPU.ActiveCfg = Release|Any CPU
		{E7018E24-AD3A-4A0A-867C-6CA8C10EEA79}.Release|Any CPU.Build.0 = Release|Any CPU
	EndGlobalSection
	GlobalSection(SolutionProperties) = preSolution
		HideSolutionNode = FALSE
	EndGlobalSection
	GlobalSection(ExtensibilityGlobals) = postSolution
		SolutionGuid = {FCF94271-2D46-4B71-8985-FF1B637E3EE8}
	EndGlobalSection
EndGlobal
