
Microsoft Visual Studio Solution File, Format Version 12.00
# Visual Studio Version 17
VisualStudioVersion = 17.3.32929.385
MinimumVisualStudioVersion = 10.0.40219.1
Project("{9A19103F-16F7-4668-BE54-9A1E7A4F7556}") = "_PassagemParametroPorValor", "_PassagemParametroPorValor\_PassagemParametroPorValor.csproj", "{39EE47D9-C228-4BCA-8236-412BC1C09545}"
EndProject
Project("{9A19103F-16F7-4668-BE54-9A1E7A4F7556}") = "_PassagemParametroPorReferencia", "_PassagemParametroPorReferencia\_PassagemParametroPorReferencia.csproj", "{A4799E32-F058-405B-9027-93403D63AFBE}"
EndProject
Project("{9A19103F-16F7-4668-BE54-9A1E7A4F7556}") = "_PassagemParametroOut", "_PassagemParametroOut\_PassagemParametroOut.csproj", "{A9A8DAB4-DAC2-44F8-965C-79D946F54A5A}"
EndProject
Project("{FAE04EC0-301F-11D3-BF4B-00C04F79EFBC}") = "_PassagemParametroParams", "_PassagemParametroParams\_PassagemParametroParams.csproj", "{F1D312F5-2728-497D-87F4-BB3CAB171127}"
EndProject
Global
	GlobalSection(SolutionConfigurationPlatforms) = preSolution
		Debug|Any CPU = Debug|Any CPU
		Release|Any CPU = Release|Any CPU
	EndGlobalSection
	GlobalSection(ProjectConfigurationPlatforms) = postSolution
		{39EE47D9-C228-4BCA-8236-412BC1C09545}.Debug|Any CPU.ActiveCfg = Debug|Any CPU
		{39EE47D9-C228-4BCA-8236-412BC1C09545}.Debug|Any CPU.Build.0 = Debug|Any CPU
		{39EE47D9-C228-4BCA-8236-412BC1C09545}.Release|Any CPU.ActiveCfg = Release|Any CPU
		{39EE47D9-C228-4BCA-8236-412BC1C09545}.Release|Any CPU.Build.0 = Release|Any CPU
		{A4799E32-F058-405B-9027-93403D63AFBE}.Debug|Any CPU.ActiveCfg = Debug|Any CPU
		{A4799E32-F058-405B-9027-93403D63AFBE}.Debug|Any CPU.Build.0 = Debug|Any CPU
		{A4799E32-F058-405B-9027-93403D63AFBE}.Release|Any CPU.ActiveCfg = Release|Any CPU
		{A4799E32-F058-405B-9027-93403D63AFBE}.Release|Any CPU.Build.0 = Release|Any CPU
		{A9A8DAB4-DAC2-44F8-965C-79D946F54A5A}.Debug|Any CPU.ActiveCfg = Debug|Any CPU
		{A9A8DAB4-DAC2-44F8-965C-79D946F54A5A}.Debug|Any CPU.Build.0 = Debug|Any CPU
		{A9A8DAB4-DAC2-44F8-965C-79D946F54A5A}.Release|Any CPU.ActiveCfg = Release|Any CPU
		{A9A8DAB4-DAC2-44F8-965C-79D946F54A5A}.Release|Any CPU.Build.0 = Release|Any CPU
		{F1D312F5-2728-497D-87F4-BB3CAB171127}.Debug|Any CPU.ActiveCfg = Debug|Any CPU
		{F1D312F5-2728-497D-87F4-BB3CAB171127}.Debug|Any CPU.Build.0 = Debug|Any CPU
		{F1D312F5-2728-497D-87F4-BB3CAB171127}.Release|Any CPU.ActiveCfg = Release|Any CPU
		{F1D312F5-2728-497D-87F4-BB3CAB171127}.Release|Any CPU.Build.0 = Release|Any CPU
	EndGlobalSection
	GlobalSection(SolutionProperties) = preSolution
		HideSolutionNode = FALSE
	EndGlobalSection
	GlobalSection(ExtensibilityGlobals) = postSolution
		SolutionGuid = {C9F3E10A-9A31-4934-86CC-EFF74F107F88}
	EndGlobalSection
EndGlobal
