
Microsoft Visual Studio Solution File, Format Version 12.00
# Visual Studio Version 17
VisualStudioVersion = 17.3.32929.385
MinimumVisualStudioVersion = 10.0.40219.1
Project("{FAE04EC0-301F-11D3-BF4B-00C04F79EFBC}") = "_Polimorfismo", "_Polimorfismo.csproj", "{128BE616-3595-4A99-B9E5-2D389B43EBD4}"
EndProject
Global
	GlobalSection(SolutionConfigurationPlatforms) = preSolution
		Debug|Any CPU = Debug|Any CPU
		Release|Any CPU = Release|Any CPU
	EndGlobalSection
	GlobalSection(ProjectConfigurationPlatforms) = postSolution
		{128BE616-3595-4A99-B9E5-2D389B43EBD4}.Debug|Any CPU.ActiveCfg = Debug|Any CPU
		{128BE616-3595-4A99-B9E5-2D389B43EBD4}.Debug|Any CPU.Build.0 = Debug|Any CPU
		{128BE616-3595-4A99-B9E5-2D389B43EBD4}.Release|Any CPU.ActiveCfg = Release|Any CPU
		{128BE616-3595-4A99-B9E5-2D389B43EBD4}.Release|Any CPU.Build.0 = Release|Any CPU
	EndGlobalSection
	GlobalSection(SolutionProperties) = preSolution
		HideSolutionNode = FALSE
	EndGlobalSection
	GlobalSection(ExtensibilityGlobals) = postSolution
		SolutionGuid = {687ACDCC-0D95-4DDB-90B0-0296F69DF661}
	EndGlobalSection
EndGlobal
